{
  "lockfileVersion": 1,
  "configVersion": 1,
  "workspaces": {
    "": {
      "name": "@snomiao/daemon-kit",
      "devDependencies": {
        "@types/bun": "^1.3.0",
        "@typescript/native-preview": "^7.0.0-dev.20260124.1",
        "typescript": "^5",
      },
    },
  },
  "packages": {
    "@types/bun": ["@types/bun@1.3.14", "", { "dependencies": { "bun-types": "1.3.14" } }, "sha512-h1hFqFVcvAvD9j9K7ZW7vd82aSA+rTdznZa+5bwvCwqSB1jmmfLcbIWhOLx1/+boy/xmjgCs/OMUL8hRJSmnPw=="],

    "@types/node": ["@types/node@26.0.0", "", { "dependencies": { "undici-types": "~8.3.0" } }, "sha512-vf2YFi1iY9lHGwNJMs01biZFbKJkrZR1T6/MlzjhJLPdntOHLhTrDSnSVcdtvjihi4VQNlrFRIxLsDBlQpAipA=="],

    "@typescript/native-preview": ["@typescript/native-preview@7.0.0-dev.20260621.1", "", { "optionalDependencies": { "@typescript/native-preview-darwin-arm64": "7.0.0-dev.20260621.1", "@typescript/native-preview-darwin-x64": "7.0.0-dev.20260621.1", "@typescript/native-preview-linux-arm": "7.0.0-dev.20260621.1", "@typescript/native-preview-linux-arm64": "7.0.0-dev.20260621.1", "@typescript/native-preview-linux-x64": "7.0.0-dev.20260621.1", "@typescript/native-preview-win32-arm64": "7.0.0-dev.20260621.1", "@typescript/native-preview-win32-x64": "7.0.0-dev.20260621.1" }, "bin": { "tsgo": "bin/tsgo.js" } }, "sha512-2epYxi5NDRPOvAG8TPEFd43qDVGHhD4IbIHF0uhsy72OSUbVY2rjEAv1DkW1Q2p/YbszXd7ZL/Ulch8VuDDS1g=="],

    "@typescript/native-preview-darwin-arm64": ["@typescript/native-preview-darwin-arm64@7.0.0-dev.20260621.1", "", { "os": "darwin", "cpu": "arm64" }, "sha512-E81mNlY2JqZlDqflCvRpt6WhU6ha1SOkRC85o+EmKZJCjBxaaJpBGdwGjIisv2jiEMcHy2OW4ZHcE9GTM1BL2A=="],

    "@typescript/native-preview-darwin-x64": ["@typescript/native-preview-darwin-x64@7.0.0-dev.20260621.1", "", { "os": "darwin", "cpu": "x64" }, "sha512-VS4VF8L0So56tC1jaJ57pMQOGd0Hc1wU0RIMkJi41/dKvcmc/WTRa7hiWJwzZLxXhZoVkdjesT36D9GahoAulg=="],

    "@typescript/native-preview-linux-arm": ["@typescript/native-preview-linux-arm@7.0.0-dev.20260621.1", "", { "os": "linux", "cpu": "arm" }, "sha512-2Xp+pu7Xu9EMKxYFiZuyIzd6KUkMn7SvElzgBRwbrhfsk54Jieg2sxyL3aAw9xfzRsEN4m1VrU3Z/iq2gL5OUw=="],

    "@typescript/native-preview-linux-arm64": ["@typescript/native-preview-linux-arm64@7.0.0-dev.20260621.1", "", { "os": "linux", "cpu": "arm64" }, "sha512-Ek1uLWN6VzqwwTQNu1vcnRW4F3ipqvediLEwJP6uR5P6vrXYE7XvcGLEJcXiw31SR40NhxZW/RhLcJrHQcehrA=="],

    "@typescript/native-preview-linux-x64": ["@typescript/native-preview-linux-x64@7.0.0-dev.20260621.1", "", { "os": "linux", "cpu": "x64" }, "sha512-VUhea6+Drw+PHRpsjsY7lNOZtXAlRXLHrpYynJU3jfnSflYgoqkrvlSzWVhcvhkjxGOZsqlIV+5ryy8ANZ6peg=="],

    "@typescript/native-preview-win32-arm64": ["@typescript/native-preview-win32-arm64@7.0.0-dev.20260621.1", "", { "os": "win32", "cpu": "arm64" }, "sha512-JyxxNWWs2X7WzK90zN8hgGKqP4zo2/y7Z2tlLLaHhSFtEh1AC+tsQun3NBlW9JvF1vHhGI/hPpnoZOxLO0CEWw=="],

    "@typescript/native-preview-win32-x64": ["@typescript/native-preview-win32-x64@7.0.0-dev.20260621.1", "", { "os": "win32", "cpu": "x64" }, "sha512-2ijIynqyxK1LkWUpLlmsBKuH7XHk6K4TAwdnfZ7x7BQHF9Z3okIXtKMzOik8fajB3oooVrEvbfOe2Mf+uZ7maQ=="],

    "bun-types": ["bun-types@1.3.14", "", { "dependencies": { "@types/node": "*" } }, "sha512-4N0ig0fEomHt5R0KCFWjovxow98rIoRwKolrYdCcknNwMekCXRnWEUvgu5soYV8QXtVsrUD8B95MBOZGPvr6KQ=="],

    "typescript": ["typescript@5.9.3", "", { "bin": { "tsc": "bin/tsc", "tsserver": "bin/tsserver" } }, "sha512-jl1vZzPDinLr9eUt3J/t7V6FgNEw9QjvBPdysz9KfQDD41fQrC2Y4vKQdiaUpFT4bXlb1RHhLpp8wtm6M5TgSw=="],

    "undici-types": ["undici-types@8.3.0", "", {}, "sha512-j375ScV60dom+YkPFIfTLcOiPxkN/buHz5GobjLhixFuANaNs3C9l4GmrWqejgXWJ7BbJcFYpTEUkS1Ge8bpZQ=="],
  }
}
